
Microsoft Visual Studio Solution File, Format Version 12.00
# Visual Studio Version 16
VisualStudioVersion = 16.0.31729.503
MinimumVisualStudioVersion = 10.0.40219.1
Project("{FAE04EC0-301F-11D3-BF4B-00C04F79EFBC}") = "ITAcademyWebProject", "ITAcademyWebProject\ITAcademyWebProject.csproj", "{6893ABC1-F7E7-43D3-B292-6A54D032E964}"
EndProject
Global
	GlobalSection(SolutionConfigurationPlatforms) = preSolution
		Debug|Any CPU = Debug|Any CPU
		Release|Any CPU = Release|Any CPU
	EndGlobalSection
	GlobalSection(ProjectConfigurationPlatforms) = postSolution
		{6893ABC1-F7E7-43D3-B292-6A54D032E964}.Debug|Any CPU.ActiveCfg = Debug|Any CPU
		{6893ABC1-F7E7-43D3-B292-6A54D032E964}.Debug|Any CPU.Build.0 = Debug|Any CPU
		{6893ABC1-F7E7-43D3-B292-6A54D032E964}.Release|Any CPU.ActiveCfg = Release|Any CPU
		{6893ABC1-F7E7-43D3-B292-6A54D032E964}.Release|Any CPU.Build.0 = Release|Any CPU
	EndGlobalSection
	GlobalSection(SolutionProperties) = preSolution
		HideSolutionNode = FALSE
	EndGlobalSection
	GlobalSection(ExtensibilityGlobals) = postSolution
		SolutionGuid = {6B025E68-39F1-4DA2-9F8E-3E5CE494908D}
	EndGlobalSection
EndGlobal
